{
  "name": "@kbluescode/workspace-gh-package",
  "version": "1.0.1",
  "lockfileVersion": 3,
  "requires": true,
  "packages": {
    "": {
      "name": "@kbluescode/workspace-gh-package",
      "version": "1.0.1",
      "license": "ISC",
      "workspaces": [
        "./packages/*"
      ]
    },
    "node_modules/workspace-gh-package-a": {
      "resolved": "packages/workspace-gh-package-a",
      "link": true
    },
    "node_modules/workspace-gh-package-b": {
      "resolved": "packages/workspace-gh-package-b",
      "link": true
    },
    "packages/workspace-gh-package-a": {
      "version": "1.0.0",
      "license": "ISC"
    },
    "packages/workspace-gh-package-b": {
      "version": "1.0.0",
      "license": "ISC"
    }
  }
}
